{
  "originHash" : "c535d3cdb62bd4e11e67f3c9e68290fa7ee9306634c5f56d2b0396eb75ed41ee",
  "pins" : [
    {
      "identity" : "mpv-build",
      "kind" : "remoteSourceControl",
      "location" : "https://github.com/edde746/mpv-build",
      "state" : {
        "revision" : "85e315312a474f14edc0641b9b44694516aafd46"
      }
    }
  ],
  "version" : 3
}
